// !$*UTF8*$!
{
	archiveVersion = 1;
	classes = {
	};
	objectVersion = 50;
	objects = {

/* Begin PBXBuildFile section */
		8E89D9FE21A567A70060C3CE /* Fluid.cpp in Sources */ = {isa = PBXBuildFile; fileRef = 8E89D9F921A567A70060C3CE /* Fluid.cpp */; };
		8E89D9FF21A567A70060C3CE /* Setup.cpp in Sources */ = {isa = PBXBuildFile; fileRef = 8E89D9FB21A567A70060C3CE /* Setup.cpp */; };
		8E89DA0021A567A70060C3CE /* main.cpp in Sources */ = {isa = PBXBuildFile; fileRef = 8E89D9FD21A567A70060C3CE /* main.cpp */; };
		8EEDCE99217EF96B0005FB4D /* libGLEW.2.1.0.dylib in Frameworks */ = {isa = PBXBuildFile; fileRef = 8EEDCE98217EF96B0005FB4D /* libGLEW.2.1.0.dylib */; };
		8EEDCE9B217EF9770005FB4D /* libglfw.3.2.dylib in Frameworks */ = {isa = PBXBuildFile; fileRef = 8EEDCE9A217EF9770005FB4D /* libglfw.3.2.dylib */; };
		8EEDCE9D217EF97E0005FB4D /* OpenGL.framework in Frameworks */ = {isa = PBXBuildFile; fileRef = 8EEDCE9C217EF97E0005FB4D /* OpenGL.framework */; };
/* End PBXBuildFile section */

/* Begin PBXCopyFilesBuildPhase section */
		8EEDCE80217D22360005FB4D /* CopyFiles */ = {
			isa = PBXCopyFilesBuildPhase;
			buildActionMask = 2147483647;
			dstPath = /usr/share/man/man1/;
			dstSubfolderSpec = 0;
			files = (
			);
			runOnlyForDeploymentPostprocessing = 1;
		};
/* End PBXCopyFilesBuildPhase section */

/* Begin PBXFileReference section */
		8E89D9F921A567A70060C3CE /* Fluid.cpp */ = {isa = PBXFileReference; fileEncoding = 4; lastKnownFileType = sourcecode.cpp.cpp; name = Fluid.cpp; path = Fluid/Fluid.cpp; sourceTree = SOURCE_ROOT; };
		8E89D9FA21A567A70060C3CE /* Fluid.hpp */ = {isa = PBXFileReference; fileEncoding = 4; lastKnownFileType = sourcecode.cpp.h; name = Fluid.hpp; path = Fluid/Fluid.hpp; sourceTree = SOURCE_ROOT; };
		8E89D9FB21A567A70060C3CE /* Setup.cpp */ = {isa = PBXFileReference; fileEncoding = 4; lastKnownFileType = sourcecode.cpp.cpp; name = Setup.cpp; path = Fluid/Setup.cpp; sourceTree = SOURCE_ROOT; };
		8E89D9FC21A567A70060C3CE /* Setup.hpp */ = {isa = PBXFileReference; fileEncoding = 4; lastKnownFileType = sourcecode.cpp.h; name = Setup.hpp; path = Fluid/Setup.hpp; sourceTree = SOURCE_ROOT; };
		8E89D9FD21A567A70060C3CE /* main.cpp */ = {isa = PBXFileReference; fileEncoding = 4; lastKnownFileType = sourcecode.cpp.cpp; name = main.cpp; path = Fluid/main.cpp; sourceTree = SOURCE_ROOT; };
		8EEDCE82217D22360005FB4D /* Fluid */ = {isa = PBXFileReference; explicitFileType = "compiled.mach-o.executable"; includeInIndex = 0; path = Fluid; sourceTree = BUILT_PRODUCTS_DIR; };
		8EEDCE98217EF96B0005FB4D /* libGLEW.2.1.0.dylib */ = {isa = PBXFileReference; lastKnownFileType = "compiled.mach-o.dylib"; name = libGLEW.2.1.0.dylib; path = ../../../../../usr/local/Cellar/glew/2.1.0/lib/libGLEW.2.1.0.dylib; sourceTree = "<group>"; };
		8EEDCE9A217EF9770005FB4D /* libglfw.3.2.dylib */ = {isa = PBXFileReference; lastKnownFileType = "compiled.mach-o.dylib"; name = libglfw.3.2.dylib; path = ../../../../../usr/local/Cellar/glfw/3.2.1/lib/libglfw.3.2.dylib; sourceTree = "<group>"; };
		8EEDCE9C217EF97E0005FB4D /* OpenGL.framework */ = {isa = PBXFileReference; lastKnownFileType = wrapper.framework; name = OpenGL.framework; path = System/Library/Frameworks/OpenGL.framework; sourceTree = SDKROOT; };
/* End PBXFileReference section */

/* Begin PBXFrameworksBuildPhase section */
		8EEDCE7F217D22360005FB4D /* Frameworks */ = {
			isa = PBXFrameworksBuildPhase;
			buildActionMask = 2147483647;
			files = (
				8EEDCE9D217EF97E0005FB4D /* OpenGL.framework in Frameworks */,
				8EEDCE9B217EF9770005FB4D /* libglfw.3.2.dylib in Frameworks */,
				8EEDCE99217EF96B0005FB4D /* libGLEW.2.1.0.dylib in Frameworks */,
			);
			runOnlyForDeploymentPostprocessing = 0;
		};
/* End PBXFrameworksBuildPhase section */

/* Begin PBXGroup section */
		8E89D9F821A5678A0060C3CE /* Fluid */ = {
			isa = PBXGroup;
			children = (
				8E89D9FD21A567A70060C3CE /* main.cpp */,
				8E89D9F921A567A70060C3CE /* Fluid.cpp */,
				8E89D9FA21A567A70060C3CE /* Fluid.hpp */,
				8E89D9FB21A567A70060C3CE /* Setup.cpp */,
				8E89D9FC21A567A70060C3CE /* Setup.hpp */,
			);
			name = Fluid;
			path = "New Group";
			sourceTree = "<group>";
		};
		8EEDCE79217D22360005FB4D = {
			isa = PBXGroup;
			children = (
				8E89D9F821A5678A0060C3CE /* Fluid */,
				8EEDCE83217D22360005FB4D /* Products */,
				8EEDCE97217EF96B0005FB4D /* Frameworks */,
			);
			sourceTree = "<group>";
		};
		8EEDCE83217D22360005FB4D /* Products */ = {
			isa = PBXGroup;
			children = (
				8EEDCE82217D22360005FB4D /* Fluid */,
			);
			name = Products;
			sourceTree = "<group>";
		};
		8EEDCE97217EF96B0005FB4D /* Frameworks */ = {
			isa = PBXGroup;
			children = (
				8EEDCE9C217EF97E0005FB4D /* OpenGL.framework */,
				8EEDCE9A217EF9770005FB4D /* libglfw.3.2.dylib */,
				8EEDCE98217EF96B0005FB4D /* libGLEW.2.1.0.dylib */,
			);
			name = Frameworks;
			sourceTree = "<group>";
		};
/* End PBXGroup section */

/* Begin PBXNativeTarget section */
		8EEDCE81217D22360005FB4D /* Fluid */ = {
			isa = PBXNativeTarget;
			buildConfigurationList = 8EEDCE89217D22360005FB4D /* Build configuration list for PBXNativeTarget "Fluid" */;
			buildPhases = (
				8EEDCE7E217D22360005FB4D /* Sources */,
				8EEDCE7F217D22360005FB4D /* Frameworks */,
				8EEDCE80217D22360005FB4D /* CopyFiles */,
			);
			buildRules = (
			);
			dependencies = (
			);
			name = Fluid;
			productName = Fluid;
			productReference = 8EEDCE82217D22360005FB4D /* Fluid */;
			productType = "com.apple.product-type.tool";
		};
/* End PBXNativeTarget section */

/* Begin PBXProject section */
		8EEDCE7A217D22360005FB4D /* Project object */ = {
			isa = PBXProject;
			attributes = {
				LastUpgradeCheck = 1000;
				ORGANIZATIONNAME = "Arthur Sun";
				TargetAttributes = {
					8EEDCE81217D22360005FB4D = {
						CreatedOnToolsVersion = 10.0;
					};
				};
			};
			buildConfigurationList = 8EEDCE7D217D22360005FB4D /* Build configuration list for PBXProject "Fluid" */;
			compatibilityVersion = "Xcode 9.3";
			developmentRegion = en;
			hasScannedForEncodings = 0;
			knownRegions = (
				en,
			);
			mainGroup = 8EEDCE79217D22360005FB4D;
			productRefGroup = 8EEDCE83217D22360005FB4D /* Products */;
			projectDirPath = "";
			projectRoot = "";
			targets = (
				8EEDCE81217D22360005FB4D /* Fluid */,
			);
		};
/* End PBXProject section */

/* Begin PBXSourcesBuildPhase section */
		8EEDCE7E217D22360005FB4D /* Sources */ = {
			isa = PBXSourcesBuildPhase;
			buildActionMask = 2147483647;
			files = (
				8E89D9FE21A567A70060C3CE /* Fluid.cpp in Sources */,
				8E89D9FF21A567A70060C3CE /* Setup.cpp in Sources */,
				8E89DA0021A567A70060C3CE /* main.cpp in Sources */,
			);
			runOnlyForDeploymentPostprocessing = 0;
		};
/* End PBXSourcesBuildPhase section */

/* Begin XCBuildConfiguration section */
		8EEDCE87217D22360005FB4D /* Debug */ = {
			isa = XCBuildConfiguration;
			buildSettings = {
				ALWAYS_SEARCH_USER_PATHS = NO;
				CLANG_ANALYZER_NONNULL = YES;
				CLANG_ANALYZER_NUMBER_OBJECT_CONVERSION = YES_AGGRESSIVE;
				CLANG_CXX_LANGUAGE_STANDARD = "gnu++14";
				CLANG_CXX_LIBRARY = "libc++";
				CLANG_ENABLE_MODULES = YES;
				CLANG_ENABLE_OBJC_ARC = YES;
				CLANG_ENABLE_OBJC_WEAK = YES;
				CLANG_WARN_BLOCK_CAPTURE_AUTORELEASING = YES;
				CLANG_WARN_BOOL_CONVERSION = YES;
				CLANG_WARN_COMMA = YES;
				CLANG_WARN_CONSTANT_CONVERSION = YES;
				CLANG_WARN_DEPRECATED_OBJC_IMPLEMENTATIONS = YES;
				CLANG_WARN_DIRECT_OBJC_ISA_USAGE = YES_ERROR;
				CLANG_WARN_DOCUMENTATION_COMMENTS = YES;
				CLANG_WARN_EMPTY_BODY = YES;
				CLANG_WARN_ENUM_CONVERSION = YES;
				CLANG_WARN_INFINITE_RECURSION = YES;
				CLANG_WARN_INT_CONVERSION = YES;
				CLANG_WARN_NON_LITERAL_NULL_CONVERSION = YES;
				CLANG_WARN_OBJC_IMPLICIT_RETAIN_SELF = YES;
				CLANG_WARN_OBJC_LITERAL_CONVERSION = YES;
				CLANG_WARN_OBJC_ROOT_CLASS = YES_ERROR;
				CLANG_WARN_RANGE_LOOP_ANALYSIS = YES;
				CLANG_WARN_STRICT_PROTOTYPES = YES;
				CLANG_WARN_SUSPICIOUS_MOVE = YES;
				CLANG_WARN_UNGUARDED_AVAILABILITY = YES_AGGRESSIVE;
				CLANG_WARN_UNREACHABLE_CODE = YES;
				CLANG_WARN__DUPLICATE_METHOD_MATCH = YES;
				CODE_SIGN_IDENTITY = "-";
				COPY_PHASE_STRIP = NO;
				DEBUG_INFORMATION_FORMAT = dwarf;
				ENABLE_STRICT_OBJC_MSGSEND = YES;
				ENABLE_TESTABILITY = YES;
				GCC_C_LANGUAGE_STANDARD = gnu11;
				GCC_DYNAMIC_NO_PIC = NO;
				GCC_NO_COMMON_BLOCKS = YES;
				GCC_OPTIMIZATION_LEVEL = 0;
				GCC_PREPROCESSOR_DEFINITIONS = (
					"DEBUG=1",
					"$(inherited)",
				);
				GCC_WARN_64_TO_32_BIT_CONVERSION = YES;
				GCC_WARN_ABOUT_RETURN_TYPE = YES_ERROR;
				GCC_WARN_UNDECLARED_SELECTOR = YES;
				GCC_WARN_UNINITIALIZED_AUTOS = YES_AGGRESSIVE;
				GCC_WARN_UNUSED_FUNCTION = YES;
				GCC_WARN_UNUSED_VARIABLE = YES;
				MACOSX_DEPLOYMENT_TARGET = 10.13;
				MTL_ENABLE_DEBUG_INFO = INCLUDE_SOURCE;
				ONLY_ACTIVE_ARCH = YES;
				SDKROOT = macosx;
			};
			name = Debug;
		};
		8EEDCE88217D22360005FB4D /* Release */ = {
			isa = XCBuildConfiguration;
			buildSettings = {
				ALWAYS_SEARCH_USER_PATHS = NO;
				CLANG_ANALYZER_NONNULL = YES;
				CLANG_ANALYZER_NUMBER_OBJECT_CONVERSION = YES_AGGRESSIVE;
				CLANG_CXX_LANGUAGE_STANDARD = "gnu++14";
				CLANG_CXX_LIBRARY = "libc++";
				CLANG_ENABLE_MODULES = YES;
				CLANG_ENABLE_OBJC_ARC = YES;
				CLANG_ENABLE_OBJC_WEAK = YES;
				CLANG_WARN_BLOCK_CAPTURE_AUTORELEASING = YES;
				CLANG_WARN_BOOL_CONVERSION = YES;
				CLANG_WARN_COMMA = YES;
				CLANG_WARN_CONSTANT_CONVERSION = YES;
				CLANG_WARN_DEPRECATED_OBJC_IMPLEMENTATIONS = YES;
				CLANG_WARN_DIRECT_OBJC_ISA_USAGE = YES_ERROR;
				CLANG_WARN_DOCUMENTATION_COMMENTS = YES;
				CLANG_WARN_EMPTY_BODY = YES;
				CLANG_WARN_ENUM_CONVERSION = YES;
				CLANG_WARN_INFINITE_RECURSION = YES;
				CLANG_WARN_INT_CONVERSION = YES;
				CLANG_WARN_NON_LITERAL_NULL_CONVERSION = YES;
				CLANG_WARN_OBJC_IMPLICIT_RETAIN_SELF = YES;
				CLANG_WARN_OBJC_LITERAL_CONVERSION = YES;
				CLANG_WARN_OBJC_ROOT_CLASS = YES_ERROR;
				CLANG_WARN_RANGE_LOOP_ANALYSIS = YES;
				CLANG_WARN_STRICT_PROTOTYPES = YES;
				CLANG_WARN_SUSPICIOUS_MOVE = YES;
				CLANG_WARN_UNGUARDED_AVAILABILITY = YES_AGGRESSIVE;
				CLANG_WARN_UNREACHABLE_CODE = YES;
				CLANG_WARN__DUPLICATE_METHOD_MATCH = YES;
				CODE_SIGN_IDENTITY = "-";
				COPY_PHASE_STRIP = NO;
				DEBUG_INFORMATION_FORMAT = "dwarf-with-dsym";
				ENABLE_NS_ASSERTIONS = NO;
				ENABLE_STRICT_OBJC_MSGSEND = YES;
				GCC_C_LANGUAGE_STANDARD = gnu11;
				GCC_NO_COMMON_BLOCKS = YES;
				GCC_WARN_64_TO_32_BIT_CONVERSION = YES;
				GCC_WARN_ABOUT_RETURN_TYPE = YES_ERROR;
				GCC_WARN_UNDECLARED_SELECTOR = YES;
				GCC_WARN_UNINITIALIZED_AUTOS = YES_AGGRESSIVE;
				GCC_WARN_UNUSED_FUNCTION = YES;
				GCC_WARN_UNUSED_VARIABLE = YES;
				MACOSX_DEPLOYMENT_TARGET = 10.13;
				MTL_ENABLE_DEBUG_INFO = NO;
				SDKROOT = macosx;
			};
			name = Release;
		};
		8EEDCE8A217D22360005FB4D /* Debug */ = {
			isa = XCBuildConfiguration;
			buildSettings = {
				CODE_SIGN_STYLE = Automatic;
				HEADER_SEARCH_PATHS = /usr/local/include/;
				LIBRARY_SEARCH_PATHS = (
					"$(inherited)",
					/usr/local/Cellar/glew/2.1.0/lib,
					/usr/local/Cellar/glfw/3.2.1/lib,
				);
				PRODUCT_NAME = "$(TARGET_NAME)";
			};
			name = Debug;
		};
		8EEDCE8B217D22360005FB4D /* Release */ = {
			isa = XCBuildConfiguration;
			buildSettings = {
				CODE_SIGN_STYLE = Automatic;
				HEADER_SEARCH_PATHS = /usr/local/include/;
				LIBRARY_SEARCH_PATHS = (
					"$(inherited)",
					/usr/local/Cellar/glew/2.1.0/lib,
					/usr/local/Cellar/glfw/3.2.1/lib,
				);
				PRODUCT_NAME = "$(TARGET_NAME)";
			};
			name = Release;
		};
/* End XCBuildConfiguration section */

/* Begin XCConfigurationList section */
		8EEDCE7D217D22360005FB4D /* Build configuration list for PBXProject "Fluid" */ = {
			isa = XCConfigurationList;
			buildConfigurations = (
				8EEDCE87217D22360005FB4D /* Debug */,
				8EEDCE88217D22360005FB4D /* Release */,
			);
			defaultConfigurationIsVisible = 0;
			defaultConfigurationName = Release;
		};
		8EEDCE89217D22360005FB4D /* Build configuration list for PBXNativeTarget "Fluid" */ = {
			isa = XCConfigurationList;
			buildConfigurations = (
				8EEDCE8A217D22360005FB4D /* Debug */,
				8EEDCE8B217D22360005FB4D /* Release */,
			);
			defaultConfigurationIsVisible = 0;
			defaultConfigurationName = Release;
		};
/* End XCConfigurationList section */
	};
	rootObject = 8EEDCE7A217D22360005FB4D /* Project object */;
}
